
Microsoft Visual Studio Solution File, Format Version 12.00
# Visual Studio Version 17
VisualStudioVersion = 17.0.31903.59
MinimumVisualStudioVersion = 10.0.40219.1
Project("{FAE04EC0-301F-11D3-BF4B-00C04F79EFBC}") = "CodeCraft.NET.Application", "CodeCraft.NET.Application\CodeCraft.NET.Application.csproj", "{75A2B31F-4E0E-4CBE-A2D1-D60127A4E0CA}"
EndProject
Project("{FAE04EC0-301F-11D3-BF4B-00C04F79EFBC}") = "CodeCraft.NET.Cross", "CodeCraft.NET.Cross\CodeCraft.NET.Cross.csproj", "{25FF6E39-3021-47D1-8011-B43F7D438930}"
EndProject
Project("{FAE04EC0-301F-11D3-BF4B-00C04F79EFBC}") = "CodeCraft.NET.Domain", "CodeCraft.NET.Domain\CodeCraft.NET.Domain.csproj", "{9B877E8F-F2A2-4DA9-A75E-52B6F10512BA}"
EndProject
Project("{FAE04EC0-301F-11D3-BF4B-00C04F79EFBC}") = "CodeCraft.NET.Generator", "CodeCraft.NET.Generator\CodeCraft.NET.Generator.csproj", "{41A9B476-DD0D-4721-90A0-460F37BF57C0}"
EndProject
Project("{FAE04EC0-301F-11D3-BF4B-00C04F79EFBC}") = "CodeCraft.NET.Infrastructure", "CodeCraft.NET.Infrastructure\CodeCraft.NET.Infrastructure.csproj", "{A5E48B80-DA7C-40AB-8374-61F021C78D60}"
EndProject
Project("{FAE04EC0-301F-11D3-BF4B-00C04F79EFBC}") = "CodeCraft.NET.WebAPI", "CodeCraft.NET.WebAPI\CodeCraft.NET.WebAPI.csproj", "{31E9E34E-22B0-4ACD-9F40-11AF06AF38D9}"
EndProject
Project("{FAE04EC0-301F-11D3-BF4B-00C04F79EFBC}") = "Template", "Template\Template.csproj", "{A4F6432E-650D-227A-08A0-8733AEB4B29B}"
EndProject
Project("{2150E333-8FDC-42A3-9474-1A3956D46DE8}") = "Solution Items", "Solution Items", "{8EC462FD-D22E-90A8-E5CE-7E832BA40C5D}"
	ProjectSection(SolutionItems) = preProject
		.gitignore = .gitignore
		.nugetignore = .nugetignore
		CHANGELOG.md = CHANGELOG.md
		CONTRIBUTING.md = CONTRIBUTING.md
		LICENSE = LICENSE
		README.md = README.md
	EndProjectSection
EndProject
Global
	GlobalSection(SolutionConfigurationPlatforms) = preSolution
		Debug|Any CPU = Debug|Any CPU
		Debug|x64 = Debug|x64
		Debug|x86 = Debug|x86
		Release|Any CPU = Release|Any CPU
		Release|x64 = Release|x64
		Release|x86 = Release|x86
	EndGlobalSection
	GlobalSection(ProjectConfigurationPlatforms) = postSolution
		{75A2B31F-4E0E-4CBE-A2D1-D60127A4E0CA}.Debug|Any CPU.ActiveCfg = Debug|Any CPU
		{75A2B31F-4E0E-4CBE-A2D1-D60127A4E0CA}.Debug|Any CPU.Build.0 = Debug|Any CPU
		{75A2B31F-4E0E-4CBE-A2D1-D60127A4E0CA}.Debug|x64.ActiveCfg = Debug|Any CPU
		{75A2B31F-4E0E-4CBE-A2D1-D60127A4E0CA}.Debug|x64.Build.0 = Debug|Any CPU
		{75A2B31F-4E0E-4CBE-A2D1-D60127A4E0CA}.Debug|x86.ActiveCfg = Debug|Any CPU
		{75A2B31F-4E0E-4CBE-A2D1-D60127A4E0CA}.Debug|x86.Build.0 = Debug|Any CPU
		{75A2B31F-4E0E-4CBE-A2D1-D60127A4E0CA}.Release|Any CPU.ActiveCfg = Release|Any CPU
		{75A2B31F-4E0E-4CBE-A2D1-D60127A4E0CA}.Release|Any CPU.Build.0 = Release|Any CPU
		{75A2B31F-4E0E-4CBE-A2D1-D60127A4E0CA}.Release|x64.ActiveCfg = Release|Any CPU
		{75A2B31F-4E0E-4CBE-A2D1-D60127A4E0CA}.Release|x64.Build.0 = Release|Any CPU
		{75A2B31F-4E0E-4CBE-A2D1-D60127A4E0CA}.Release|x86.ActiveCfg = Release|Any CPU
		{75A2B31F-4E0E-4CBE-A2D1-D60127A4E0CA}.Release|x86.Build.0 = Release|Any CPU
		{25FF6E39-3021-47D1-8011-B43F7D438930}.Debug|Any CPU.ActiveCfg = Debug|Any CPU
		{25FF6E39-3021-47D1-8011-B43F7D438930}.Debug|Any CPU.Build.0 = Debug|Any CPU
		{25FF6E39-3021-47D1-8011-B43F7D438930}.Debug|x64.ActiveCfg = Debug|Any CPU
		{25FF6E39-3021-47D1-8011-B43F7D438930}.Debug|x64.Build.0 = Debug|Any CPU
		{25FF6E39-3021-47D1-8011-B43F7D438930}.Debug|x86.ActiveCfg = Debug|Any CPU
		{25FF6E39-3021-47D1-8011-B43F7D438930}.Debug|x86.Build.0 = Debug|Any CPU
		{25FF6E39-3021-47D1-8011-B43F7D438930}.Release|Any CPU.ActiveCfg = Release|Any CPU
		{25FF6E39-3021-47D1-8011-B43F7D438930}.Release|Any CPU.Build.0 = Release|Any CPU
		{25FF6E39-3021-47D1-8011-B43F7D438930}.Release|x64.ActiveCfg = Release|Any CPU
		{25FF6E39-3021-47D1-8011-B43F7D438930}.Release|x64.Build.0 = Release|Any CPU
		{25FF6E39-3021-47D1-8011-B43F7D438930}.Release|x86.ActiveCfg = Release|Any CPU
		{25FF6E39-3021-47D1-8011-B43F7D438930}.Release|x86.Build.0 = Release|Any CPU
		{9B877E8F-F2A2-4DA9-A75E-52B6F10512BA}.Debug|Any CPU.ActiveCfg = Debug|Any CPU
		{9B877E8F-F2A2-4DA9-A75E-52B6F10512BA}.Debug|Any CPU.Build.0 = Debug|Any CPU
		{9B877E8F-F2A2-4DA9-A75E-52B6F10512BA}.Debug|x64.ActiveCfg = Debug|Any CPU
		{9B877E8F-F2A2-4DA9-A75E-52B6F10512BA}.Debug|x64.Build.0 = Debug|Any CPU
		{9B877E8F-F2A2-4DA9-A75E-52B6F10512BA}.Debug|x86.ActiveCfg = Debug|Any CPU
		{9B877E8F-F2A2-4DA9-A75E-52B6F10512BA}.Debug|x86.Build.0 = Debug|Any CPU
		{9B877E8F-F2A2-4DA9-A75E-52B6F10512BA}.Release|Any CPU.ActiveCfg = Release|Any CPU
		{9B877E8F-F2A2-4DA9-A75E-52B6F10512BA}.Release|Any CPU.Build.0 = Release|Any CPU
		{9B877E8F-F2A2-4DA9-A75E-52B6F10512BA}.Release|x64.ActiveCfg = Release|Any CPU
		{9B877E8F-F2A2-4DA9-A75E-52B6F10512BA}.Release|x64.Build.0 = Release|Any CPU
		{9B877E8F-F2A2-4DA9-A75E-52B6F10512BA}.Release|x86.ActiveCfg = Release|Any CPU
		{9B877E8F-F2A2-4DA9-A75E-52B6F10512BA}.Release|x86.Build.0 = Release|Any CPU
		{41A9B476-DD0D-4721-90A0-460F37BF57C0}.Debug|Any CPU.ActiveCfg = Debug|Any CPU
		{41A9B476-DD0D-4721-90A0-460F37BF57C0}.Debug|Any CPU.Build.0 = Debug|Any CPU
		{41A9B476-DD0D-4721-90A0-460F37BF57C0}.Debug|x64.ActiveCfg = Debug|Any CPU
		{41A9B476-DD0D-4721-90A0-460F37BF57C0}.Debug|x64.Build.0 = Debug|Any CPU
		{41A9B476-DD0D-4721-90A0-460F37BF57C0}.Debug|x86.ActiveCfg = Debug|Any CPU
		{41A9B476-DD0D-4721-90A0-460F37BF57C0}.Debug|x86.Build.0 = Debug|Any CPU
		{41A9B476-DD0D-4721-90A0-460F37BF57C0}.Release|Any CPU.ActiveCfg = Release|Any CPU
		{41A9B476-DD0D-4721-90A0-460F37BF57C0}.Release|Any CPU.Build.0 = Release|Any CPU
		{41A9B476-DD0D-4721-90A0-460F37BF57C0}.Release|x64.ActiveCfg = Release|Any CPU
		{41A9B476-DD0D-4721-90A0-460F37BF57C0}.Release|x64.Build.0 = Release|Any CPU
		{41A9B476-DD0D-4721-90A0-460F37BF57C0}.Release|x86.ActiveCfg = Release|Any CPU
		{41A9B476-DD0D-4721-90A0-460F37BF57C0}.Release|x86.Build.0 = Release|Any CPU
		{A5E48B80-DA7C-40AB-8374-61F021C78D60}.Debug|Any CPU.ActiveCfg = Debug|Any CPU
		{A5E48B80-DA7C-40AB-8374-61F021C78D60}.Debug|Any CPU.Build.0 = Debug|Any CPU
		{A5E48B80-DA7C-40AB-8374-61F021C78D60}.Debug|x64.ActiveCfg = Debug|Any CPU
		{A5E48B80-DA7C-40AB-8374-61F021C78D60}.Debug|x64.Build.0 = Debug|Any CPU
		{A5E48B80-DA7C-40AB-8374-61F021C78D60}.Debug|x86.ActiveCfg = Debug|Any CPU
		{A5E48B80-DA7C-40AB-8374-61F021C78D60}.Debug|x86.Build.0 = Debug|Any CPU
		{A5E48B80-DA7C-40AB-8374-61F021C78D60}.Release|Any CPU.ActiveCfg = Release|Any CPU
		{A5E48B80-DA7C-40AB-8374-61F021C78D60}.Release|Any CPU.Build.0 = Release|Any CPU
		{A5E48B80-DA7C-40AB-8374-61F021C78D60}.Release|x64.ActiveCfg = Release|Any CPU
		{A5E48B80-DA7C-40AB-8374-61F021C78D60}.Release|x64.Build.0 = Release|Any CPU
		{A5E48B80-DA7C-40AB-8374-61F021C78D60}.Release|x86.ActiveCfg = Release|Any CPU
		{A5E48B80-DA7C-40AB-8374-61F021C78D60}.Release|x86.Build.0 = Release|Any CPU
		{31E9E34E-22B0-4ACD-9F40-11AF06AF38D9}.Debug|Any CPU.ActiveCfg = Debug|Any CPU
		{31E9E34E-22B0-4ACD-9F40-11AF06AF38D9}.Debug|Any CPU.Build.0 = Debug|Any CPU
		{31E9E34E-22B0-4ACD-9F40-11AF06AF38D9}.Debug|x64.ActiveCfg = Debug|Any CPU
		{31E9E34E-22B0-4ACD-9F40-11AF06AF38D9}.Debug|x64.Build.0 = Debug|Any CPU
		{31E9E34E-22B0-4ACD-9F40-11AF06AF38D9}.Debug|x86.ActiveCfg = Debug|Any CPU
		{31E9E34E-22B0-4ACD-9F40-11AF06AF38D9}.Debug|x86.Build.0 = Debug|Any CPU
		{31E9E34E-22B0-4ACD-9F40-11AF06AF38D9}.Release|Any CPU.ActiveCfg = Release|Any CPU
		{31E9E34E-22B0-4ACD-9F40-11AF06AF38D9}.Release|Any CPU.Build.0 = Release|Any CPU
		{31E9E34E-22B0-4ACD-9F40-11AF06AF38D9}.Release|x64.ActiveCfg = Release|Any CPU
		{31E9E34E-22B0-4ACD-9F40-11AF06AF38D9}.Release|x64.Build.0 = Release|Any CPU
		{31E9E34E-22B0-4ACD-9F40-11AF06AF38D9}.Release|x86.ActiveCfg = Release|Any CPU
		{31E9E34E-22B0-4ACD-9F40-11AF06AF38D9}.Release|x86.Build.0 = Release|Any CPU
		{A4F6432E-650D-227A-08A0-8733AEB4B29B}.Debug|Any CPU.ActiveCfg = Debug|Any CPU
		{A4F6432E-650D-227A-08A0-8733AEB4B29B}.Debug|Any CPU.Build.0 = Debug|Any CPU
		{A4F6432E-650D-227A-08A0-8733AEB4B29B}.Debug|x64.ActiveCfg = Debug|Any CPU
		{A4F6432E-650D-227A-08A0-8733AEB4B29B}.Debug|x64.Build.0 = Debug|Any CPU
		{A4F6432E-650D-227A-08A0-8733AEB4B29B}.Debug|x86.ActiveCfg = Debug|Any CPU
		{A4F6432E-650D-227A-08A0-8733AEB4B29B}.Debug|x86.Build.0 = Debug|Any CPU
		{A4F6432E-650D-227A-08A0-8733AEB4B29B}.Release|Any CPU.ActiveCfg = Release|Any CPU
		{A4F6432E-650D-227A-08A0-8733AEB4B29B}.Release|Any CPU.Build.0 = Release|Any CPU
		{A4F6432E-650D-227A-08A0-8733AEB4B29B}.Release|x64.ActiveCfg = Release|Any CPU
		{A4F6432E-650D-227A-08A0-8733AEB4B29B}.Release|x64.Build.0 = Release|Any CPU
		{A4F6432E-650D-227A-08A0-8733AEB4B29B}.Release|x86.ActiveCfg = Release|Any CPU
		{A4F6432E-650D-227A-08A0-8733AEB4B29B}.Release|x86.Build.0 = Release|Any CPU
	EndGlobalSection
	GlobalSection(SolutionProperties) = preSolution
		HideSolutionNode = FALSE
	EndGlobalSection
	GlobalSection(ExtensibilityGlobals) = postSolution
		SolutionGuid = {327ADE57-2D29-4804-8A71-3FA1ED792A28}
	EndGlobalSection
EndGlobal
